// !$*UTF8*$!
{
	archiveVersion = 1;
	classes = {
	};
	objectVersion = 56;
	objects = {

/* Begin PBXBuildFile section */
		C7B432D6089840E9B7842EDB /* Assets.xcassets in Resources */ = {isa = PBXBuildFile; fileRef = 384D7E9296FA4B9783E79AAD /* Assets.xcassets */; };
		E718D3B398F84A808371EE65 /* PlaybackEngine.swift in Sources */ = {isa = PBXBuildFile; fileRef = B2144418404F40CCA01DD854 /* PlaybackEngine.swift */; };
		8B0B6ACB300F49C0852132B1 /* AVFoundationPlayerBackend.swift in Sources */ = {isa = PBXBuildFile; fileRef = 0FD1ED33928A4D3581337327 /* AVFoundationPlayerBackend.swift */; };
		1E1663BBA1C74AC39A06A285 /* MPVPlayerBackend.swift in Sources */ = {isa = PBXBuildFile; fileRef = 69B8771BB5D9405497DEC1B7 /* MPVPlayerBackend.swift */; };
		598D5F31C18A4A459161F780 /* MediaPlayerBackend.swift in Sources */ = {isa = PBXBuildFile; fileRef = 2568620D039F4EBEB7D22BE7 /* MediaPlayerBackend.swift */; };
		3B04B6D4A9934A37B5DC67E2 /* MPVClient.swift in Sources */ = {isa = PBXBuildFile; fileRef = 78B36643788A4E55AA75EDC7 /* MPVClient.swift */; };
		AC2B2C7337E946C780244451 /* DecoderEngineMode.swift in Sources */ = {isa = PBXBuildFile; fileRef = 70E332F290724E2EA6C55884 /* DecoderEngineMode.swift */; };
		782E7AB6991A4899AD61EF0B /* WaveformData.swift in Sources */ = {isa = PBXBuildFile; fileRef = 1C69F5A2A6F945389C4081FC /* WaveformData.swift */; };
		DFA51DF6891F4A46A7011FFB /* MediaItem.swift in Sources */ = {isa = PBXBuildFile; fileRef = F389E4FABB3645559EAA0901 /* MediaItem.swift */; };
		2DAEB1455F7F45FF9BE2C085 /* SentenceSegment.swift in Sources */ = {isa = PBXBuildFile; fileRef = 493576F593B947C69D67D201 /* SentenceSegment.swift */; };
		3931D3A2CAF64C519D35B804 /* SpeechAlignmentEngine.swift in Sources */ = {isa = PBXBuildFile; fileRef = FF34041F06BC4FDEA83D956A /* SpeechAlignmentEngine.swift */; };
		23634E2DA3034A0892B371A6 /* DualEngineFusionSegmenter.swift in Sources */ = {isa = PBXBuildFile; fileRef = 826342ABD4B948C2BCFE6720 /* DualEngineFusionSegmenter.swift */; };
		E9E8D564D6564479B49AA79C /* WaveformExtractor.swift in Sources */ = {isa = PBXBuildFile; fileRef = C0599AD141F74748898F2038 /* WaveformExtractor.swift */; };
		82798F095A4143158DCD570C /* SileroVADEngine.swift in Sources */ = {isa = PBXBuildFile; fileRef = 8E9D364B4DF04A51A85BC2EF /* SileroVADEngine.swift */; };
		FE3F9A55F2BE43C5927265D7 /* VADSegmenter.swift in Sources */ = {isa = PBXBuildFile; fileRef = 1B46862737BF4EFE91F45FF0 /* VADSegmenter.swift */; };
		A9899E5936BD4D91B09345E4 /* SubtitleExporter.swift in Sources */ = {isa = PBXBuildFile; fileRef = FB9B6EFB12594353B60D6442 /* SubtitleExporter.swift */; };
		CCEAE41F110743169672D96C /* TextAlignmentEngine.swift in Sources */ = {isa = PBXBuildFile; fileRef = FAAD70D07C544FC8951529E1 /* TextAlignmentEngine.swift */; };
		9AE3338DE4184E5DB1871F75 /* SubtitleParser.swift in Sources */ = {isa = PBXBuildFile; fileRef = 61A64B6BC04844858B079669 /* SubtitleParser.swift */; };
		0BE9BDD5F9EF463F82FF72D8 /* SegmentationStore.swift in Sources */ = {isa = PBXBuildFile; fileRef = C17D47F9F252406FBD866B5A /* SegmentationStore.swift */; };
		B946F16B56BC415387FBCE3D /* ProjectFileManager.swift in Sources */ = {isa = PBXBuildFile; fileRef = 841F68CC38284A4E8FC1EAD8 /* ProjectFileManager.swift */; };
		EE452380BE934B819EA83331 /* SubtitleImportSheet.swift in Sources */ = {isa = PBXBuildFile; fileRef = 99C7834067B647A39CE9EB2B /* SubtitleImportSheet.swift */; };
		291004A24B6A4692BFFF43B6 /* SegmentListView.swift in Sources */ = {isa = PBXBuildFile; fileRef = A0E2D3085D96431DA4670A37 /* SegmentListView.swift */; };
		5192F3B76E2C4A7AA00AA39D /* VideoPlayerView.swift in Sources */ = {isa = PBXBuildFile; fileRef = 56537B23E8B7443B9425ADBF /* VideoPlayerView.swift */; };
		34FA0D13A7354B46A6A61C73 /* WaveformComponents.swift in Sources */ = {isa = PBXBuildFile; fileRef = F6A4F43B31E64849B761CCDF /* WaveformComponents.swift */; };
		AAE529D08126459795F4B835 /* BoundaryMarkerHandle.swift in Sources */ = {isa = PBXBuildFile; fileRef = B7FA8A0E7B1B43BAB836BC82 /* BoundaryMarkerHandle.swift */; };
		E5FFBBEB3D9B458290E3CA12 /* SecondaryWaveformView.swift in Sources */ = {isa = PBXBuildFile; fileRef = 38E0CAAA7E574049BBFF0791 /* SecondaryWaveformView.swift */; };
		DBA972F47EFD46918FC439BB /* PrimaryWaveformView.swift in Sources */ = {isa = PBXBuildFile; fileRef = F817FCDBF9344C5288756AFE /* PrimaryWaveformView.swift */; };
		96F8BE9CF6C7490CA8F6E859 /* PlaybackControlView.swift in Sources */ = {isa = PBXBuildFile; fileRef = 51E5E53DC3DB4F90B4CCECF1 /* PlaybackControlView.swift */; };
		398607EBC99A40479F8D8FE4 /* MainContentView.swift in Sources */ = {isa = PBXBuildFile; fileRef = 48EDC762FF8741D48DA4310D /* MainContentView.swift */; };
		FB46176D35244BF58BCC0E15 /* SubtitleEditView.swift in Sources */ = {isa = PBXBuildFile; fileRef = C3D4B582B54B46EE95999E0C /* SubtitleEditView.swift */; };
		2FBDBCF91D4846BAA3C03685 /* IntensiveSettingsPopover.swift in Sources */ = {isa = PBXBuildFile; fileRef = F8CBC04F87EF4808AD628595 /* IntensiveSettingsPopover.swift */; };
		8B2864E6179F46DFA435A0FD /* DraggableWaveformOverlay.swift in Sources */ = {isa = PBXBuildFile; fileRef = 17C33D7C9E20424E83F1839C /* DraggableWaveformOverlay.swift */; };
		984DA9A62125490D8DBA0877 /* LanguageManager.swift in Sources */ = {isa = PBXBuildFile; fileRef = E8C86D51474A475CB23E1349 /* LanguageManager.swift */; };
		69F43AD7BD3A45D695CE37E2 /* MacAbobooApp.swift in Sources */ = {isa = PBXBuildFile; fileRef = AF8549AE864C4B3BA684AF53 /* MacAbobooApp.swift */; };
/* End PBXBuildFile section */

/* Begin PBXFileReference section */
		994875691A68457391F87741 /* MacAboboo.app */ = {isa = PBXFileReference; explicitFileType = wrapper.application; includeInIndex = 0; path = MacAboboo.app; sourceTree = BUILT_PRODUCTS_DIR; };
		384D7E9296FA4B9783E79AAD /* Assets.xcassets */ = {isa = PBXFileReference; lastKnownFileType = folder.assetcatalog; path = "Sources/MacAboboo/Resources/Assets.xcassets"; sourceTree = "<group>"; };
		B2144418404F40CCA01DD854 /* PlaybackEngine.swift */ = {isa = PBXFileReference; fileEncoding = 4; lastKnownFileType = sourcecode.swift; path = "Sources/MacAboboo/AudioEngine/PlaybackEngine.swift"; sourceTree = "<group>"; };
		0FD1ED33928A4D3581337327 /* AVFoundationPlayerBackend.swift */ = {isa = PBXFileReference; fileEncoding = 4; lastKnownFileType = sourcecode.swift; path = "Sources/MacAboboo/AudioEngine/AVFoundationPlayerBackend.swift"; sourceTree = "<group>"; };
		69B8771BB5D9405497DEC1B7 /* MPVPlayerBackend.swift */ = {isa = PBXFileReference; fileEncoding = 4; lastKnownFileType = sourcecode.swift; path = "Sources/MacAboboo/AudioEngine/MPVPlayerBackend.swift"; sourceTree = "<group>"; };
		2568620D039F4EBEB7D22BE7 /* MediaPlayerBackend.swift */ = {isa = PBXFileReference; fileEncoding = 4; lastKnownFileType = sourcecode.swift; path = "Sources/MacAboboo/AudioEngine/MediaPlayerBackend.swift"; sourceTree = "<group>"; };
		78B36643788A4E55AA75EDC7 /* MPVClient.swift */ = {isa = PBXFileReference; fileEncoding = 4; lastKnownFileType = sourcecode.swift; path = "Sources/MacAboboo/AudioEngine/MPVClient.swift"; sourceTree = "<group>"; };
		70E332F290724E2EA6C55884 /* DecoderEngineMode.swift */ = {isa = PBXFileReference; fileEncoding = 4; lastKnownFileType = sourcecode.swift; path = "Sources/MacAboboo/Models/DecoderEngineMode.swift"; sourceTree = "<group>"; };
		1C69F5A2A6F945389C4081FC /* WaveformData.swift */ = {isa = PBXFileReference; fileEncoding = 4; lastKnownFileType = sourcecode.swift; path = "Sources/MacAboboo/Models/WaveformData.swift"; sourceTree = "<group>"; };
		F389E4FABB3645559EAA0901 /* MediaItem.swift */ = {isa = PBXFileReference; fileEncoding = 4; lastKnownFileType = sourcecode.swift; path = "Sources/MacAboboo/Models/MediaItem.swift"; sourceTree = "<group>"; };
		493576F593B947C69D67D201 /* SentenceSegment.swift */ = {isa = PBXFileReference; fileEncoding = 4; lastKnownFileType = sourcecode.swift; path = "Sources/MacAboboo/Models/SentenceSegment.swift"; sourceTree = "<group>"; };
		FF34041F06BC4FDEA83D956A /* SpeechAlignmentEngine.swift */ = {isa = PBXFileReference; fileEncoding = 4; lastKnownFileType = sourcecode.swift; path = "Sources/MacAboboo/WaveformEngine/SpeechAlignmentEngine.swift"; sourceTree = "<group>"; };
		826342ABD4B948C2BCFE6720 /* DualEngineFusionSegmenter.swift */ = {isa = PBXFileReference; fileEncoding = 4; lastKnownFileType = sourcecode.swift; path = "Sources/MacAboboo/WaveformEngine/DualEngineFusionSegmenter.swift"; sourceTree = "<group>"; };
		C0599AD141F74748898F2038 /* WaveformExtractor.swift */ = {isa = PBXFileReference; fileEncoding = 4; lastKnownFileType = sourcecode.swift; path = "Sources/MacAboboo/WaveformEngine/WaveformExtractor.swift"; sourceTree = "<group>"; };
		8E9D364B4DF04A51A85BC2EF /* SileroVADEngine.swift */ = {isa = PBXFileReference; fileEncoding = 4; lastKnownFileType = sourcecode.swift; path = "Sources/MacAboboo/WaveformEngine/SileroVADEngine.swift"; sourceTree = "<group>"; };
		1B46862737BF4EFE91F45FF0 /* VADSegmenter.swift */ = {isa = PBXFileReference; fileEncoding = 4; lastKnownFileType = sourcecode.swift; path = "Sources/MacAboboo/WaveformEngine/VADSegmenter.swift"; sourceTree = "<group>"; };
		FB9B6EFB12594353B60D6442 /* SubtitleExporter.swift */ = {isa = PBXFileReference; fileEncoding = 4; lastKnownFileType = sourcecode.swift; path = "Sources/MacAboboo/SubtitleEngine/SubtitleExporter.swift"; sourceTree = "<group>"; };
		FAAD70D07C544FC8951529E1 /* TextAlignmentEngine.swift */ = {isa = PBXFileReference; fileEncoding = 4; lastKnownFileType = sourcecode.swift; path = "Sources/MacAboboo/SubtitleEngine/TextAlignmentEngine.swift"; sourceTree = "<group>"; };
		61A64B6BC04844858B079669 /* SubtitleParser.swift */ = {isa = PBXFileReference; fileEncoding = 4; lastKnownFileType = sourcecode.swift; path = "Sources/MacAboboo/SubtitleEngine/SubtitleParser.swift"; sourceTree = "<group>"; };
		C17D47F9F252406FBD866B5A /* SegmentationStore.swift */ = {isa = PBXFileReference; fileEncoding = 4; lastKnownFileType = sourcecode.swift; path = "Sources/MacAboboo/Persistence/SegmentationStore.swift"; sourceTree = "<group>"; };
		841F68CC38284A4E8FC1EAD8 /* ProjectFileManager.swift */ = {isa = PBXFileReference; fileEncoding = 4; lastKnownFileType = sourcecode.swift; path = "Sources/MacAboboo/Persistence/ProjectFileManager.swift"; sourceTree = "<group>"; };
		99C7834067B647A39CE9EB2B /* SubtitleImportSheet.swift */ = {isa = PBXFileReference; fileEncoding = 4; lastKnownFileType = sourcecode.swift; path = "Sources/MacAboboo/Views/SubtitleImportSheet.swift"; sourceTree = "<group>"; };
		A0E2D3085D96431DA4670A37 /* SegmentListView.swift */ = {isa = PBXFileReference; fileEncoding = 4; lastKnownFileType = sourcecode.swift; path = "Sources/MacAboboo/Views/SegmentListView.swift"; sourceTree = "<group>"; };
		56537B23E8B7443B9425ADBF /* VideoPlayerView.swift */ = {isa = PBXFileReference; fileEncoding = 4; lastKnownFileType = sourcecode.swift; path = "Sources/MacAboboo/Views/VideoPlayerView.swift"; sourceTree = "<group>"; };
		F6A4F43B31E64849B761CCDF /* WaveformComponents.swift */ = {isa = PBXFileReference; fileEncoding = 4; lastKnownFileType = sourcecode.swift; path = "Sources/MacAboboo/Views/WaveformComponents.swift"; sourceTree = "<group>"; };
		B7FA8A0E7B1B43BAB836BC82 /* BoundaryMarkerHandle.swift */ = {isa = PBXFileReference; fileEncoding = 4; lastKnownFileType = sourcecode.swift; path = "Sources/MacAboboo/Views/BoundaryMarkerHandle.swift"; sourceTree = "<group>"; };
		38E0CAAA7E574049BBFF0791 /* SecondaryWaveformView.swift */ = {isa = PBXFileReference; fileEncoding = 4; lastKnownFileType = sourcecode.swift; path = "Sources/MacAboboo/Views/SecondaryWaveformView.swift"; sourceTree = "<group>"; };
		F817FCDBF9344C5288756AFE /* PrimaryWaveformView.swift */ = {isa = PBXFileReference; fileEncoding = 4; lastKnownFileType = sourcecode.swift; path = "Sources/MacAboboo/Views/PrimaryWaveformView.swift"; sourceTree = "<group>"; };
		51E5E53DC3DB4F90B4CCECF1 /* PlaybackControlView.swift */ = {isa = PBXFileReference; fileEncoding = 4; lastKnownFileType = sourcecode.swift; path = "Sources/MacAboboo/Views/PlaybackControlView.swift"; sourceTree = "<group>"; };
		48EDC762FF8741D48DA4310D /* MainContentView.swift */ = {isa = PBXFileReference; fileEncoding = 4; lastKnownFileType = sourcecode.swift; path = "Sources/MacAboboo/Views/MainContentView.swift"; sourceTree = "<group>"; };
		C3D4B582B54B46EE95999E0C /* SubtitleEditView.swift */ = {isa = PBXFileReference; fileEncoding = 4; lastKnownFileType = sourcecode.swift; path = "Sources/MacAboboo/Views/SubtitleEditView.swift"; sourceTree = "<group>"; };
		F8CBC04F87EF4808AD628595 /* IntensiveSettingsPopover.swift */ = {isa = PBXFileReference; fileEncoding = 4; lastKnownFileType = sourcecode.swift; path = "Sources/MacAboboo/Views/IntensiveSettingsPopover.swift"; sourceTree = "<group>"; };
		17C33D7C9E20424E83F1839C /* DraggableWaveformOverlay.swift */ = {isa = PBXFileReference; fileEncoding = 4; lastKnownFileType = sourcecode.swift; path = "Sources/MacAboboo/Views/DraggableWaveformOverlay.swift"; sourceTree = "<group>"; };
		E8C86D51474A475CB23E1349 /* LanguageManager.swift */ = {isa = PBXFileReference; fileEncoding = 4; lastKnownFileType = sourcecode.swift; path = "Sources/MacAboboo/Localization/LanguageManager.swift"; sourceTree = "<group>"; };
		AF8549AE864C4B3BA684AF53 /* MacAbobooApp.swift */ = {isa = PBXFileReference; fileEncoding = 4; lastKnownFileType = sourcecode.swift; path = "Sources/MacAbobooApp/MacAbobooApp.swift"; sourceTree = "<group>"; };
		8678DBCA50754E0A861B9D8E /* Info.plist */ = {isa = PBXFileReference; fileEncoding = 4; lastKnownFileType = text.plist.xml; path = "Sources/MacAbobooApp/Info.plist"; sourceTree = "<group>"; };
/* End PBXFileReference section */

/* Begin PBXFrameworksBuildPhase section */
		C62BA00E1D554AEDB338109A /* Frameworks */ = {
			isa = PBXFrameworksBuildPhase;
			buildActionMask = 2147483647;
			files = (
			);
			runOnlyForDeploymentPostprocessing = 0;
		};
/* End PBXFrameworksBuildPhase section */

/* Begin PBXGroup section */
		6AD0FE984523405BA37C3AEE = {
			isa = PBXGroup;
			children = (
				D304AC5DBCDD4EC7925C77D0 /* Sources */,
				07512C86D5EF411FA4227934 /* Products */,
			);
			sourceTree = "<group>";
		};
		D304AC5DBCDD4EC7925C77D0 /* Sources */ = {
			isa = PBXGroup;
			children = (
				B2144418404F40CCA01DD854 /* PlaybackEngine.swift */,
				0FD1ED33928A4D3581337327 /* AVFoundationPlayerBackend.swift */,
				69B8771BB5D9405497DEC1B7 /* MPVPlayerBackend.swift */,
				2568620D039F4EBEB7D22BE7 /* MediaPlayerBackend.swift */,
				78B36643788A4E55AA75EDC7 /* MPVClient.swift */,
				70E332F290724E2EA6C55884 /* DecoderEngineMode.swift */,
				1C69F5A2A6F945389C4081FC /* WaveformData.swift */,
				F389E4FABB3645559EAA0901 /* MediaItem.swift */,
				493576F593B947C69D67D201 /* SentenceSegment.swift */,
				FF34041F06BC4FDEA83D956A /* SpeechAlignmentEngine.swift */,
				826342ABD4B948C2BCFE6720 /* DualEngineFusionSegmenter.swift */,
				C0599AD141F74748898F2038 /* WaveformExtractor.swift */,
				8E9D364B4DF04A51A85BC2EF /* SileroVADEngine.swift */,
				1B46862737BF4EFE91F45FF0 /* VADSegmenter.swift */,
				FB9B6EFB12594353B60D6442 /* SubtitleExporter.swift */,
				FAAD70D07C544FC8951529E1 /* TextAlignmentEngine.swift */,
				61A64B6BC04844858B079669 /* SubtitleParser.swift */,
				C17D47F9F252406FBD866B5A /* SegmentationStore.swift */,
				841F68CC38284A4E8FC1EAD8 /* ProjectFileManager.swift */,
				99C7834067B647A39CE9EB2B /* SubtitleImportSheet.swift */,
				A0E2D3085D96431DA4670A37 /* SegmentListView.swift */,
				56537B23E8B7443B9425ADBF /* VideoPlayerView.swift */,
				F6A4F43B31E64849B761CCDF /* WaveformComponents.swift */,
				B7FA8A0E7B1B43BAB836BC82 /* BoundaryMarkerHandle.swift */,
				38E0CAAA7E574049BBFF0791 /* SecondaryWaveformView.swift */,
				F817FCDBF9344C5288756AFE /* PrimaryWaveformView.swift */,
				51E5E53DC3DB4F90B4CCECF1 /* PlaybackControlView.swift */,
				48EDC762FF8741D48DA4310D /* MainContentView.swift */,
				C3D4B582B54B46EE95999E0C /* SubtitleEditView.swift */,
				F8CBC04F87EF4808AD628595 /* IntensiveSettingsPopover.swift */,
				17C33D7C9E20424E83F1839C /* DraggableWaveformOverlay.swift */,
				E8C86D51474A475CB23E1349 /* LanguageManager.swift */,
				AF8549AE864C4B3BA684AF53 /* MacAbobooApp.swift */,
				8678DBCA50754E0A861B9D8E /* Info.plist */,
			);
			name = Sources;
			sourceTree = "<group>";
		};
		07512C86D5EF411FA4227934 /* Products */ = {
			isa = PBXGroup;
			children = (
				994875691A68457391F87741 /* MacAboboo.app */,
			);
			name = Products;
			sourceTree = "<group>";
		};
/* End PBXGroup section */

/* Begin PBXNativeTarget section */
		D8F36906B79046319C031A07 /* MacAboboo */ = {
			isa = PBXNativeTarget;
			buildConfigurationList = 4F1D4E3A7FEC4D59A097C24C /* Build configuration list for PBXNativeTarget "MacAboboo" */;
			buildPhases = (
				ABA24A8D78864D94ADDC3E1A /* Sources */,
				C62BA00E1D554AEDB338109A /* Frameworks */,
				32EC391C6741469D9CE2F56C /* Resources */,
			);
			buildRules = (
			);
			dependencies = (
			);
			name = MacAboboo;
			productName = MacAboboo;
			productReference = 994875691A68457391F87741 /* MacAboboo.app */;
			productType = "com.apple.product-type.application";
		};
/* End PBXNativeTarget section */

/* Begin PBXProject section */
		F190A65E628142ABAFEBA3A4 /* Project object */ = {
			isa = PBXProject;
			attributes = {
				BuildIndependentTargetsInParallel = 1;
				LastSwiftUpdateCheck = 1500;
				LastUpgradeCheck = 1500;
				TargetAttributes = {
					D8F36906B79046319C031A07 = {
						CreatedOnToolsVersion = 15.0;
						ProvisioningStyle = Automatic;
					};
				};
			};
			buildConfigurationList = AB3110D1262B446C82076B30 /* Build configuration list for PBXProject "MacAboboo" */;
			compatibilityVersion = "Xcode 14.0";
			developmentRegion = zh_CN;
			hasScannedForEncodings = 0;
			knownRegions = (
				en,
				Base,
				zh_CN,
			);
			mainGroup = 6AD0FE984523405BA37C3AEE;
			productRefGroup = 07512C86D5EF411FA4227934 /* Products */;
			projectDirPath = "";
			projectRoot = "";
			targets = (
				D8F36906B79046319C031A07 /* MacAboboo */,
			);
		};
/* End PBXProject section */

/* Begin PBXResourcesBuildPhase section */
		32EC391C6741469D9CE2F56C /* Resources */ = {
			isa = PBXResourcesBuildPhase;
			buildActionMask = 2147483647;
			files = (
				C7B432D6089840E9B7842EDB /* Assets.xcassets in Resources */,
			);
			runOnlyForDeploymentPostprocessing = 0;
		};
/* End PBXResourcesBuildPhase section */

/* Begin PBXSourcesBuildPhase section */
		ABA24A8D78864D94ADDC3E1A /* Sources */ = {
			isa = PBXSourcesBuildPhase;
			buildActionMask = 2147483647;
			files = (
				E718D3B398F84A808371EE65 /* PlaybackEngine.swift in Sources */,
				8B0B6ACB300F49C0852132B1 /* AVFoundationPlayerBackend.swift in Sources */,
				1E1663BBA1C74AC39A06A285 /* MPVPlayerBackend.swift in Sources */,
				598D5F31C18A4A459161F780 /* MediaPlayerBackend.swift in Sources */,
				3B04B6D4A9934A37B5DC67E2 /* MPVClient.swift in Sources */,
				AC2B2C7337E946C780244451 /* DecoderEngineMode.swift in Sources */,
				782E7AB6991A4899AD61EF0B /* WaveformData.swift in Sources */,
				DFA51DF6891F4A46A7011FFB /* MediaItem.swift in Sources */,
				2DAEB1455F7F45FF9BE2C085 /* SentenceSegment.swift in Sources */,
				3931D3A2CAF64C519D35B804 /* SpeechAlignmentEngine.swift in Sources */,
				23634E2DA3034A0892B371A6 /* DualEngineFusionSegmenter.swift in Sources */,
				E9E8D564D6564479B49AA79C /* WaveformExtractor.swift in Sources */,
				82798F095A4143158DCD570C /* SileroVADEngine.swift in Sources */,
				FE3F9A55F2BE43C5927265D7 /* VADSegmenter.swift in Sources */,
				A9899E5936BD4D91B09345E4 /* SubtitleExporter.swift in Sources */,
				CCEAE41F110743169672D96C /* TextAlignmentEngine.swift in Sources */,
				9AE3338DE4184E5DB1871F75 /* SubtitleParser.swift in Sources */,
				0BE9BDD5F9EF463F82FF72D8 /* SegmentationStore.swift in Sources */,
				B946F16B56BC415387FBCE3D /* ProjectFileManager.swift in Sources */,
				EE452380BE934B819EA83331 /* SubtitleImportSheet.swift in Sources */,
				291004A24B6A4692BFFF43B6 /* SegmentListView.swift in Sources */,
				5192F3B76E2C4A7AA00AA39D /* VideoPlayerView.swift in Sources */,
				34FA0D13A7354B46A6A61C73 /* WaveformComponents.swift in Sources */,
				AAE529D08126459795F4B835 /* BoundaryMarkerHandle.swift in Sources */,
				E5FFBBEB3D9B458290E3CA12 /* SecondaryWaveformView.swift in Sources */,
				DBA972F47EFD46918FC439BB /* PrimaryWaveformView.swift in Sources */,
				96F8BE9CF6C7490CA8F6E859 /* PlaybackControlView.swift in Sources */,
				398607EBC99A40479F8D8FE4 /* MainContentView.swift in Sources */,
				FB46176D35244BF58BCC0E15 /* SubtitleEditView.swift in Sources */,
				2FBDBCF91D4846BAA3C03685 /* IntensiveSettingsPopover.swift in Sources */,
				8B2864E6179F46DFA435A0FD /* DraggableWaveformOverlay.swift in Sources */,
				984DA9A62125490D8DBA0877 /* LanguageManager.swift in Sources */,
				69F43AD7BD3A45D695CE37E2 /* MacAbobooApp.swift in Sources */,
			);
			runOnlyForDeploymentPostprocessing = 0;
		};
/* End PBXSourcesBuildPhase section */

/* Begin XCBuildConfiguration section */
		EFC034C57EF94C789A80323D /* Debug */ = {
			isa = XCBuildConfiguration;
			buildSettings = {
				ALWAYS_SEARCH_USER_PATHS = NO;
				CLANG_ANALYZER_NONNULL = YES;
				CLANG_CXX_LANGUAGE_STANDARD = "gnu++20";
				CLANG_ENABLE_MODULES = YES;
				CLANG_ENABLE_OBJC_ARC = YES;
				COPY_PHASE_STRIP = NO;
				DEBUG_INFORMATION_FORMAT = dwarf;
				ENABLE_STRICT_OBJC_MSGSEND = YES;
				ENABLE_TESTABILITY = YES;
				GCC_DYNAMIC_NO_PIC = NO;
				GCC_NO_COMMON_BLOCKS = YES;
				GCC_OPTIMIZATION_LEVEL = 0;
				GCC_PREPROCESSOR_DEFINITIONS = (
					"DEBUG=1",
					"$(inherited)",
					"GL_SILENCE_DEPRECATION=1",
				);
				GCC_WARN_64_TO_32_BIT_CONVERSION = YES;
				GCC_WARN_ABOUT_RETURN_TYPE = YES_ERROR;
				GCC_WARN_UNDEFINED_VARIABLES = YES;
				GCC_WARN_UNINITIALIZED_AUTOS = YES_AGGRESSIVE;
				MACOSX_DEPLOYMENT_TARGET = 14.0;
				MTL_ENABLE_DEBUG_INFO = INCLUDE_SOURCE;
				MTL_FAST_MATH = YES;
				ONLY_ACTIVE_ARCH = YES;
				SDKROOT = macosx;
				ENABLE_DEBUG_DYLIB = YES;
				ENABLE_PREVIEWS = YES;
				SWIFT_ACTIVE_COMPILATION_CONDITIONS = "DEBUG GL_SILENCE_DEPRECATION";
				SWIFT_OPTIMIZATION_LEVEL = "-Onone";
			};
			name = Debug;
		};
		BA5B07B122AE452AAE8C38E3 /* Release */ = {
			isa = XCBuildConfiguration;
			buildSettings = {
				ALWAYS_SEARCH_USER_PATHS = NO;
				CLANG_ANALYZER_NONNULL = YES;
				CLANG_CXX_LANGUAGE_STANDARD = "gnu++20";
				CLANG_ENABLE_MODULES = YES;
				CLANG_ENABLE_OBJC_ARC = YES;
				COPY_PHASE_STRIP = NO;
				DEBUG_INFORMATION_FORMAT = "dwarf-with-dsym";
				ENABLE_NS_ASSERTIONS = NO;
				ENABLE_STRICT_OBJC_MSGSEND = YES;
				GCC_NO_COMMON_BLOCKS = YES;
				GCC_PREPROCESSOR_DEFINITIONS = (
					"$(inherited)",
					"GL_SILENCE_DEPRECATION=1",
				);
				GCC_WARN_64_TO_32_BIT_CONVERSION = YES;
				GCC_WARN_ABOUT_RETURN_TYPE = YES_ERROR;
				GCC_WARN_UNDEFINED_VARIABLES = YES;
				GCC_WARN_UNINITIALIZED_AUTOS = YES_AGGRESSIVE;
				MACOSX_DEPLOYMENT_TARGET = 14.0;
				MTL_FAST_MATH = YES;
				SDKROOT = macosx;
				SWIFT_ACTIVE_COMPILATION_CONDITIONS = "GL_SILENCE_DEPRECATION";
				SWIFT_COMPILATION_MODE = "wholemodule";
				SWIFT_OPTIMIZATION_LEVEL = "-O";
			};
			name = Release;
		};
		50F0E1F7B9954284AB731AAB /* Debug */ = {
			isa = XCBuildConfiguration;
			buildSettings = {
				ASSETCATALOG_COMPILER_APPICON_NAME = AppIcon;
				CODE_SIGN_STYLE = Automatic;
				COMBINE_HIDPI_IMAGES = YES;
				CURRENT_PROJECT_VERSION = 1;
				ENABLE_DEBUG_DYLIB = YES;
				ENABLE_PREVIEWS = YES;
				GENERATE_INFOPLIST_FILE = NO;
				INFOPLIST_FILE = Sources/MacAbobooApp/Info.plist;
				LD_RUNPATH_SEARCH_PATHS = (
					"$(inherited)",
					"@executable_path/../Frameworks",
				);
				MARKETING_VERSION = 1.0.0;
				PRODUCT_BUNDLE_IDENTIFIER = com.samuel.MacAboboo;
				PRODUCT_NAME = "$(TARGET_NAME)";
				SWIFT_OPTIMIZATION_LEVEL = "-Onone";
				SWIFT_VERSION = 5.0;
			};
			name = Debug;
		};
		A8E4699FD6664814AAF5B8F3 /* Release */ = {
			isa = XCBuildConfiguration;
			buildSettings = {
				ASSETCATALOG_COMPILER_APPICON_NAME = AppIcon;
				CODE_SIGN_STYLE = Automatic;
				COMBINE_HIDPI_IMAGES = YES;
				CURRENT_PROJECT_VERSION = 1;
				ENABLE_PREVIEWS = YES;
				GENERATE_INFOPLIST_FILE = NO;
				INFOPLIST_FILE = Sources/MacAbobooApp/Info.plist;
				LD_RUNPATH_SEARCH_PATHS = (
					"$(inherited)",
					"@executable_path/../Frameworks",
				);
				MARKETING_VERSION = 1.0.0;
				PRODUCT_BUNDLE_IDENTIFIER = com.samuel.MacAboboo;
				PRODUCT_NAME = "$(TARGET_NAME)";
				SWIFT_VERSION = 5.0;
			};
			name = Release;
		};
/* End XCBuildConfiguration section */

/* Begin XCConfigurationList section */
		AB3110D1262B446C82076B30 /* Build configuration list for PBXProject "MacAboboo" */ = {
			isa = XCConfigurationList;
			buildConfigurations = (
				EFC034C57EF94C789A80323D /* Debug */,
				BA5B07B122AE452AAE8C38E3 /* Release */,
			);
			defaultConfigurationIsVisible = 0;
			defaultConfigurationName = Release;
		};
		4F1D4E3A7FEC4D59A097C24C /* Build configuration list for PBXNativeTarget "MacAboboo" */ = {
			isa = XCConfigurationList;
			buildConfigurations = (
				50F0E1F7B9954284AB731AAB /* Debug */,
				A8E4699FD6664814AAF5B8F3 /* Release */,
			);
			defaultConfigurationIsVisible = 0;
			defaultConfigurationName = Release;
		};
/* End XCConfigurationList section */

	};
	rootObject = F190A65E628142ABAFEBA3A4 /* Project object */;
}
